
Microsoft Visual Studio Solution File, Format Version 12.00
# Visual Studio Version 16
VisualStudioVersion = 16.0.30225.117
MinimumVisualStudioVersion = 10.0.40219.1
Project("{9A19103F-16F7-4668-BE54-9A1E7A4F7556}") = "PakingAPI", "PakingAPI\PakingAPI.csproj", "{BFFA8263-0011-4DD4-9C5E-9CDCB7435DDF}"
EndProject
Project("{FAE04EC0-301F-11D3-BF4B-00C04F79EFBC}") = "ParkingAPITest", "ParkingAPITest\ParkingAPITest.csproj", "{1B8C01F9-D614-4BA8-8020-8B6531386EB6}"
EndProject
Global
	GlobalSection(SolutionConfigurationPlatforms) = preSolution
		Debug|Any CPU = Debug|Any CPU
		Release|Any CPU = Release|Any CPU
	EndGlobalSection
	GlobalSection(ProjectConfigurationPlatforms) = postSolution
		{BFFA8263-0011-4DD4-9C5E-9CDCB7435DDF}.Debug|Any CPU.ActiveCfg = Debug|Any CPU
		{BFFA8263-0011-4DD4-9C5E-9CDCB7435DDF}.Debug|Any CPU.Build.0 = Debug|Any CPU
		{BFFA8263-0011-4DD4-9C5E-9CDCB7435DDF}.Release|Any CPU.ActiveCfg = Release|Any CPU
		{BFFA8263-0011-4DD4-9C5E-9CDCB7435DDF}.Release|Any CPU.Build.0 = Release|Any CPU
		{1B8C01F9-D614-4BA8-8020-8B6531386EB6}.Debug|Any CPU.ActiveCfg = Debug|Any CPU
		{1B8C01F9-D614-4BA8-8020-8B6531386EB6}.Debug|Any CPU.Build.0 = Debug|Any CPU
		{1B8C01F9-D614-4BA8-8020-8B6531386EB6}.Release|Any CPU.ActiveCfg = Release|Any CPU
		{1B8C01F9-D614-4BA8-8020-8B6531386EB6}.Release|Any CPU.Build.0 = Release|Any CPU
	EndGlobalSection
	GlobalSection(SolutionProperties) = preSolution
		HideSolutionNode = FALSE
	EndGlobalSection
	GlobalSection(ExtensibilityGlobals) = postSolution
		SolutionGuid = {91D0B262-9F74-4A5A-94E7-6A994E788D8B}
	EndGlobalSection
EndGlobal
